
Microsoft Visual Studio Solution File, Format Version 12.00
# Visual Studio 15
VisualStudioVersion = 15.0.28010.2036
MinimumVisualStudioVersion = 10.0.40219.1
Project("{2150E333-8FDC-42A3-9474-1A3956D46DE8}") = "Excel Functions", "Excel Functions", "{0BAFDC14-308E-4B04-939D-158966D7E2E7}"
	ProjectSection(SolutionItems) = preProject
		ExcelFunction.cs = ExcelFunction.cs
	EndProjectSection
EndProject
Project("{FAE04EC0-301F-11D3-BF4B-00C04F79EFBC}") = "Fares List Implementation Test", "Fares List Implementation Test\Fares List Implementation Test.csproj", "{8AB826CE-23AA-45D8-A05A-9B88F60E6796}"
EndProject
Global
	GlobalSection(SolutionConfigurationPlatforms) = preSolution
		Debug|Any CPU = Debug|Any CPU
		Release|Any CPU = Release|Any CPU
	EndGlobalSection
	GlobalSection(ProjectConfigurationPlatforms) = postSolution
		{8AB826CE-23AA-45D8-A05A-9B88F60E6796}.Debug|Any CPU.ActiveCfg = Debug|Any CPU
		{8AB826CE-23AA-45D8-A05A-9B88F60E6796}.Debug|Any CPU.Build.0 = Debug|Any CPU
		{8AB826CE-23AA-45D8-A05A-9B88F60E6796}.Release|Any CPU.ActiveCfg = Release|Any CPU
		{8AB826CE-23AA-45D8-A05A-9B88F60E6796}.Release|Any CPU.Build.0 = Release|Any CPU
	EndGlobalSection
	GlobalSection(SolutionProperties) = preSolution
		HideSolutionNode = FALSE
	EndGlobalSection
	GlobalSection(ExtensibilityGlobals) = postSolution
		SolutionGuid = {15FB4180-55AA-4EC1-B9A0-354BF0E506E1}
	EndGlobalSection
EndGlobal
